
Microsoft Visual Studio Solution File, Format Version 12.00
# Visual Studio Version 16
VisualStudioVersion = 16.0.31624.102
MinimumVisualStudioVersion = 10.0.40219.1
Project("{FAE04EC0-301F-11D3-BF4B-00C04F79EFBC}") = "Mile to km", "Mile to km\Mile to km.csproj", "{459BBB1E-20A2-4B43-9799-785D79E20E5B}"
EndProject
Global
	GlobalSection(SolutionConfigurationPlatforms) = preSolution
		Debug|Any CPU = Debug|Any CPU
		Release|Any CPU = Release|Any CPU
	EndGlobalSection
	GlobalSection(ProjectConfigurationPlatforms) = postSolution
		{459BBB1E-20A2-4B43-9799-785D79E20E5B}.Debug|Any CPU.ActiveCfg = Debug|Any CPU
		{459BBB1E-20A2-4B43-9799-785D79E20E5B}.Debug|Any CPU.Build.0 = Debug|Any CPU
		{459BBB1E-20A2-4B43-9799-785D79E20E5B}.Release|Any CPU.ActiveCfg = Release|Any CPU
		{459BBB1E-20A2-4B43-9799-785D79E20E5B}.Release|Any CPU.Build.0 = Release|Any CPU
	EndGlobalSection
	GlobalSection(SolutionProperties) = preSolution
		HideSolutionNode = FALSE
	EndGlobalSection
	GlobalSection(ExtensibilityGlobals) = postSolution
		SolutionGuid = {2CCADD0A-18F9-4617-97C3-5981444E8856}
	EndGlobalSection
EndGlobal
