
Microsoft Visual Studio Solution File, Format Version 12.00
# Visual Studio Version 16
VisualStudioVersion = 16.0.31624.102
MinimumVisualStudioVersion = 10.0.40219.1
Project("{FAE04EC0-301F-11D3-BF4B-00C04F79EFBC}") = "COmpare.lenght", "COmpare.lenght\COmpare.lenght.csproj", "{390380DC-CAC7-465E-B74C-A21AA0256B39}"
EndProject
Global
	GlobalSection(SolutionConfigurationPlatforms) = preSolution
		Debug|Any CPU = Debug|Any CPU
		Release|Any CPU = Release|Any CPU
	EndGlobalSection
	GlobalSection(ProjectConfigurationPlatforms) = postSolution
		{390380DC-CAC7-465E-B74C-A21AA0256B39}.Debug|Any CPU.ActiveCfg = Debug|Any CPU
		{390380DC-CAC7-465E-B74C-A21AA0256B39}.Debug|Any CPU.Build.0 = Debug|Any CPU
		{390380DC-CAC7-465E-B74C-A21AA0256B39}.Release|Any CPU.ActiveCfg = Release|Any CPU
		{390380DC-CAC7-465E-B74C-A21AA0256B39}.Release|Any CPU.Build.0 = Release|Any CPU
	EndGlobalSection
	GlobalSection(SolutionProperties) = preSolution
		HideSolutionNode = FALSE
	EndGlobalSection
	GlobalSection(ExtensibilityGlobals) = postSolution
		SolutionGuid = {17D8ED41-4A09-425D-B0FE-A920BFD76736}
	EndGlobalSection
EndGlobal
