
Microsoft Visual Studio Solution File, Format Version 12.00
# Visual Studio Version 16
VisualStudioVersion = 16.0.31624.102
MinimumVisualStudioVersion = 10.0.40219.1
Project("{FAE04EC0-301F-11D3-BF4B-00C04F79EFBC}") = "Hello User", "Hello User\Hello User.csproj", "{1757509B-FF8A-4C73-9FA2-D5B4F1307FE9}"
EndProject
Global
	GlobalSection(SolutionConfigurationPlatforms) = preSolution
		Debug|Any CPU = Debug|Any CPU
		Release|Any CPU = Release|Any CPU
	EndGlobalSection
	GlobalSection(ProjectConfigurationPlatforms) = postSolution
		{1757509B-FF8A-4C73-9FA2-D5B4F1307FE9}.Debug|Any CPU.ActiveCfg = Debug|Any CPU
		{1757509B-FF8A-4C73-9FA2-D5B4F1307FE9}.Debug|Any CPU.Build.0 = Debug|Any CPU
		{1757509B-FF8A-4C73-9FA2-D5B4F1307FE9}.Release|Any CPU.ActiveCfg = Release|Any CPU
		{1757509B-FF8A-4C73-9FA2-D5B4F1307FE9}.Release|Any CPU.Build.0 = Release|Any CPU
	EndGlobalSection
	GlobalSection(SolutionProperties) = preSolution
		HideSolutionNode = FALSE
	EndGlobalSection
	GlobalSection(ExtensibilityGlobals) = postSolution
		SolutionGuid = {0DFE3A2A-3716-4EB4-A405-CEAE9BC72B14}
	EndGlobalSection
EndGlobal
