
Microsoft Visual Studio Solution File, Format Version 12.00
# Visual Studio Version 16
VisualStudioVersion = 16.0.31624.102
MinimumVisualStudioVersion = 10.0.40219.1
Project("{FAE04EC0-301F-11D3-BF4B-00C04F79EFBC}") = "Second Hourss", "Second Hourss\Second Hourss.csproj", "{83D75AF7-9332-4EF0-96AB-513D5475284C}"
EndProject
Global
	GlobalSection(SolutionConfigurationPlatforms) = preSolution
		Debug|Any CPU = Debug|Any CPU
		Release|Any CPU = Release|Any CPU
	EndGlobalSection
	GlobalSection(ProjectConfigurationPlatforms) = postSolution
		{83D75AF7-9332-4EF0-96AB-513D5475284C}.Debug|Any CPU.ActiveCfg = Debug|Any CPU
		{83D75AF7-9332-4EF0-96AB-513D5475284C}.Debug|Any CPU.Build.0 = Debug|Any CPU
		{83D75AF7-9332-4EF0-96AB-513D5475284C}.Release|Any CPU.ActiveCfg = Release|Any CPU
		{83D75AF7-9332-4EF0-96AB-513D5475284C}.Release|Any CPU.Build.0 = Release|Any CPU
	EndGlobalSection
	GlobalSection(SolutionProperties) = preSolution
		HideSolutionNode = FALSE
	EndGlobalSection
	GlobalSection(ExtensibilityGlobals) = postSolution
		SolutionGuid = {8F47CB5C-BFF0-4D50-BD76-491B62B36DFE}
	EndGlobalSection
EndGlobal
