
Microsoft Visual Studio Solution File, Format Version 12.00
# Visual Studio Version 16
VisualStudioVersion = 16.0.31624.102
MinimumVisualStudioVersion = 10.0.40219.1
Project("{FAE04EC0-301F-11D3-BF4B-00C04F79EFBC}") = "FavoriteNumber", "FavoriteNumber\FavoriteNumber.csproj", "{C8ADA351-E7A8-435B-BD0E-E811FEAA260C}"
EndProject
Global
	GlobalSection(SolutionConfigurationPlatforms) = preSolution
		Debug|Any CPU = Debug|Any CPU
		Release|Any CPU = Release|Any CPU
	EndGlobalSection
	GlobalSection(ProjectConfigurationPlatforms) = postSolution
		{C8ADA351-E7A8-435B-BD0E-E811FEAA260C}.Debug|Any CPU.ActiveCfg = Debug|Any CPU
		{C8ADA351-E7A8-435B-BD0E-E811FEAA260C}.Debug|Any CPU.Build.0 = Debug|Any CPU
		{C8ADA351-E7A8-435B-BD0E-E811FEAA260C}.Release|Any CPU.ActiveCfg = Release|Any CPU
		{C8ADA351-E7A8-435B-BD0E-E811FEAA260C}.Release|Any CPU.Build.0 = Release|Any CPU
	EndGlobalSection
	GlobalSection(SolutionProperties) = preSolution
		HideSolutionNode = FALSE
	EndGlobalSection
	GlobalSection(ExtensibilityGlobals) = postSolution
		SolutionGuid = {DB0A46CF-9F9F-492B-875C-6C6DE70E54D4}
	EndGlobalSection
EndGlobal
