
Microsoft Visual Studio Solution File, Format Version 12.00
# Visual Studio Version 16
VisualStudioVersion = 16.0.31624.102
MinimumVisualStudioVersion = 10.0.40219.1
Project("{FAE04EC0-301F-11D3-BF4B-00C04F79EFBC}") = "One-two-lot", "One-two-lot\One-two-lot.csproj", "{277CD013-DBAE-4D5D-83D6-AFE128C6FFEE}"
EndProject
Global
	GlobalSection(SolutionConfigurationPlatforms) = preSolution
		Debug|Any CPU = Debug|Any CPU
		Release|Any CPU = Release|Any CPU
	EndGlobalSection
	GlobalSection(ProjectConfigurationPlatforms) = postSolution
		{277CD013-DBAE-4D5D-83D6-AFE128C6FFEE}.Debug|Any CPU.ActiveCfg = Debug|Any CPU
		{277CD013-DBAE-4D5D-83D6-AFE128C6FFEE}.Debug|Any CPU.Build.0 = Debug|Any CPU
		{277CD013-DBAE-4D5D-83D6-AFE128C6FFEE}.Release|Any CPU.ActiveCfg = Release|Any CPU
		{277CD013-DBAE-4D5D-83D6-AFE128C6FFEE}.Release|Any CPU.Build.0 = Release|Any CPU
	EndGlobalSection
	GlobalSection(SolutionProperties) = preSolution
		HideSolutionNode = FALSE
	EndGlobalSection
	GlobalSection(ExtensibilityGlobals) = postSolution
		SolutionGuid = {CD2560D3-F8E1-4F5C-BF22-CE0A6617BAA7}
	EndGlobalSection
EndGlobal
