
Microsoft Visual Studio Solution File, Format Version 12.00
# Visual Studio Version 16
VisualStudioVersion = 16.0.31624.102
MinimumVisualStudioVersion = 10.0.40219.1
Project("{FAE04EC0-301F-11D3-BF4B-00C04F79EFBC}") = "DOuble", "DOuble\DOuble.csproj", "{CA80A6EB-994B-495D-B4F8-37E09211F680}"
EndProject
Global
	GlobalSection(SolutionConfigurationPlatforms) = preSolution
		Debug|Any CPU = Debug|Any CPU
		Release|Any CPU = Release|Any CPU
	EndGlobalSection
	GlobalSection(ProjectConfigurationPlatforms) = postSolution
		{CA80A6EB-994B-495D-B4F8-37E09211F680}.Debug|Any CPU.ActiveCfg = Debug|Any CPU
		{CA80A6EB-994B-495D-B4F8-37E09211F680}.Debug|Any CPU.Build.0 = Debug|Any CPU
		{CA80A6EB-994B-495D-B4F8-37E09211F680}.Release|Any CPU.ActiveCfg = Release|Any CPU
		{CA80A6EB-994B-495D-B4F8-37E09211F680}.Release|Any CPU.Build.0 = Release|Any CPU
	EndGlobalSection
	GlobalSection(SolutionProperties) = preSolution
		HideSolutionNode = FALSE
	EndGlobalSection
	GlobalSection(ExtensibilityGlobals) = postSolution
		SolutionGuid = {8B42322B-B036-423C-8BBD-5215E1876BE7}
	EndGlobalSection
EndGlobal
