
Microsoft Visual Studio Solution File, Format Version 12.00
# Visual Studio Version 16
VisualStudioVersion = 16.0.31624.102
MinimumVisualStudioVersion = 10.0.40219.1
Project("{FAE04EC0-301F-11D3-BF4B-00C04F79EFBC}") = "Introdueyourself", "Introdueyourself\Introdueyourself.csproj", "{74073F5A-8626-47EB-910A-D12BACA5423B}"
EndProject
Global
	GlobalSection(SolutionConfigurationPlatforms) = preSolution
		Debug|Any CPU = Debug|Any CPU
		Release|Any CPU = Release|Any CPU
	EndGlobalSection
	GlobalSection(ProjectConfigurationPlatforms) = postSolution
		{74073F5A-8626-47EB-910A-D12BACA5423B}.Debug|Any CPU.ActiveCfg = Debug|Any CPU
		{74073F5A-8626-47EB-910A-D12BACA5423B}.Debug|Any CPU.Build.0 = Debug|Any CPU
		{74073F5A-8626-47EB-910A-D12BACA5423B}.Release|Any CPU.ActiveCfg = Release|Any CPU
		{74073F5A-8626-47EB-910A-D12BACA5423B}.Release|Any CPU.Build.0 = Release|Any CPU
	EndGlobalSection
	GlobalSection(SolutionProperties) = preSolution
		HideSolutionNode = FALSE
	EndGlobalSection
	GlobalSection(ExtensibilityGlobals) = postSolution
		SolutionGuid = {98AB8EF1-AB04-4C7D-9812-205EEAD96658}
	EndGlobalSection
EndGlobal
