
Microsoft Visual Studio Solution File, Format Version 12.00
# Visual Studio Version 16
VisualStudioVersion = 16.0.31624.102
MinimumVisualStudioVersion = 10.0.40219.1
Project("{FAE04EC0-301F-11D3-BF4B-00C04F79EFBC}") = "Change elements", "Change elements\Change elements.csproj", "{2B841D39-23DB-4758-94E0-C92026C686CB}"
EndProject
Global
	GlobalSection(SolutionConfigurationPlatforms) = preSolution
		Debug|Any CPU = Debug|Any CPU
		Release|Any CPU = Release|Any CPU
	EndGlobalSection
	GlobalSection(ProjectConfigurationPlatforms) = postSolution
		{2B841D39-23DB-4758-94E0-C92026C686CB}.Debug|Any CPU.ActiveCfg = Debug|Any CPU
		{2B841D39-23DB-4758-94E0-C92026C686CB}.Debug|Any CPU.Build.0 = Debug|Any CPU
		{2B841D39-23DB-4758-94E0-C92026C686CB}.Release|Any CPU.ActiveCfg = Release|Any CPU
		{2B841D39-23DB-4758-94E0-C92026C686CB}.Release|Any CPU.Build.0 = Release|Any CPU
	EndGlobalSection
	GlobalSection(SolutionProperties) = preSolution
		HideSolutionNode = FALSE
	EndGlobalSection
	GlobalSection(ExtensibilityGlobals) = postSolution
		SolutionGuid = {194D060E-22C1-43CD-B77D-E9F62468BC90}
	EndGlobalSection
EndGlobal
