
Microsoft Visual Studio Solution File, Format Version 12.00
# Visual Studio Version 16
VisualStudioVersion = 16.0.31624.102
MinimumVisualStudioVersion = 10.0.40219.1
Project("{FAE04EC0-301F-11D3-BF4B-00C04F79EFBC}") = "Sum elements", "Sum elements\Sum elements.csproj", "{574F8455-A231-47AF-8480-82591D296444}"
EndProject
Global
	GlobalSection(SolutionConfigurationPlatforms) = preSolution
		Debug|Any CPU = Debug|Any CPU
		Release|Any CPU = Release|Any CPU
	EndGlobalSection
	GlobalSection(ProjectConfigurationPlatforms) = postSolution
		{574F8455-A231-47AF-8480-82591D296444}.Debug|Any CPU.ActiveCfg = Debug|Any CPU
		{574F8455-A231-47AF-8480-82591D296444}.Debug|Any CPU.Build.0 = Debug|Any CPU
		{574F8455-A231-47AF-8480-82591D296444}.Release|Any CPU.ActiveCfg = Release|Any CPU
		{574F8455-A231-47AF-8480-82591D296444}.Release|Any CPU.Build.0 = Release|Any CPU
	EndGlobalSection
	GlobalSection(SolutionProperties) = preSolution
		HideSolutionNode = FALSE
	EndGlobalSection
	GlobalSection(ExtensibilityGlobals) = postSolution
		SolutionGuid = {FBA5B368-8D83-4B02-A3C9-B630CC704F32}
	EndGlobalSection
EndGlobal
